version = 1
revision = 3
requires-python = ">=3.13"

[[package]]
name = "asttokens"
version = "3.0.0"
source = { registry = "https://pypi.org/simple" }
sdist = { url = "https://files.pythonhosted.org/packages/4a/e7/82da0a03e7ba5141f05cce0d302e6eed121ae055e0456ca228bf693984bc/asttokens-3.0.0.tar.gz", hash = "sha256:0dcd8baa8d62b0c1d118b399b2ddba3c4aff271d0d7a9e0d4c1681c79035bbc7", size = 61978, upload-time = "2024-11-30T04:30:14.439Z" }
wheels = [
    { url = "https://files.pythonhosted.org/packages/25/8a/c46dcc25341b5bce5472c718902eb3d38600a903b14fa6aeecef3f21a46f/asttokens-3.0.0-py3-none-any.whl", hash = "sha256:e3078351a059199dd5138cb1c706e6430c05eff2ff136af5eb4790f9d28932e2", size = 26918, upload-time = "2024-11-30T04:30:10.946Z" },
]

[[package]]
name = "chess"
version = "1.11.2"
source = { registry = "https://pypi.org/simple" }
sdist = { url = "https://files.pythonhosted.org/packages/93/09/7d04d7581ae3bb8b598017941781bceb7959dd1b13e3ebf7b6a2cd843bc9/chess-1.11.2.tar.gz", hash = "sha256:a8b43e5678fdb3000695bdaa573117ad683761e5ca38e591c4826eba6d25bb39", size = 6131385, upload-time = "2025-02-25T19:10:27.328Z" }

[[package]]
name = "colorama"
version = "0.4.6"
source = { registry = "https://pypi.org/simple" }
sdist = { url = "https://files.pythonhosted.org/packages/d8/53/6f443c9a4a8358a93a6792e2acffb9d9d5cb0a5cfd8802644b7b1c9a02e4/colorama-0.4.6.tar.gz", hash = "sha256:08695f5cb7ed6e0531a20572697297273c47b8cae5a63ffc6d6ed5c201be6e44", size = 27697, upload-time = "2022-10-25T02:36:22.414Z" }
wheels = [
    { url = "https://files.pythonhosted.org/packages/d1/d6/3965ed04c63042e047cb6a3e6ed1a63a35087b6a609aa3a15ed8ac56c221/colorama-0.4.6-py2.py3-none-any.whl", hash = "sha256:4f1d9991f5acc0ca119f9d443620b77f9d6b33703e51011c16baf57afb285fc6", size = 25335, upload-time = "2022-10-25T02:36:20.889Z" },
]

[[package]]
name = "evdev"
version = "1.9.2"
source = { registry = "https://pypi.org/simple" }
sdist = { url = "https://files.pythonhosted.org/packages/63/fe/a17c106a1f4061ce83f04d14bcedcfb2c38c7793ea56bfb906a6fadae8cb/evdev-1.9.2.tar.gz", hash = "sha256:5d3278892ce1f92a74d6bf888cc8525d9f68af85dbe336c95d1c87fb8f423069", size = 33301, upload-time = "2025-05-01T19:53:47.69Z" }

[[package]]
name = "executing"
version = "2.2.1"
source = { registry = "https://pypi.org/simple" }
sdist = { url = "https://files.pythonhosted.org/packages/cc/28/c14e053b6762b1044f34a13aab6859bbf40456d37d23aa286ac24cfd9a5d/executing-2.2.1.tar.gz", hash = "sha256:3632cc370565f6648cc328b32435bd120a1e4ebb20c77e3fdde9a13cd1e533c4", size = 1129488, upload-time = "2025-09-01T09:48:10.866Z" }
wheels = [
    { url = "https://files.pythonhosted.org/packages/c1/ea/53f2148663b321f21b5a606bd5f191517cf40b7072c0497d3c92c4a13b1e/executing-2.2.1-py2.py3-none-any.whl", hash = "sha256:760643d3452b4d777d295bb167ccc74c64a81df23fb5e08eff250c425a4b2017", size = 28317, upload-time = "2025-09-01T09:48:08.5Z" },
]

[[package]]
name = "icecream"
version = "2.1.8"
source = { registry = "https://pypi.org/simple" }
dependencies = [
    { name = "asttokens" },
    { name = "colorama" },
    { name = "executing" },
    { name = "pygments" },
]
sdist = { url = "https://files.pythonhosted.org/packages/d0/be/a89ec4132ddb4481f9587f736b8a01a07378f9e71de73549223ff1cd41f7/icecream-2.1.8.tar.gz", hash = "sha256:37269bbc62b02f0d85bfaf3a0eb4df272c967fad059f7ddcdaee5303ea2b2a62", size = 18337, upload-time = "2025-09-14T09:31:09.938Z" }
wheels = [
    { url = "https://files.pythonhosted.org/packages/c1/5f/f877d2cfcad41c0db98b120872f67b805fde5e6d407e584e9edfc9dec35c/icecream-2.1.8-py3-none-any.whl", hash = "sha256:10b1c39dcb54cb28eb487bac56c35dbf9c2b2f406d24340e1a615c3f17274852", size = 15714, upload-time = "2025-09-14T09:31:08.647Z" },
]

[[package]]
name = "lgpio"
version = "0.2.2.0"
source = { registry = "https://pypi.org/simple" }
sdist = { url = "https://files.pythonhosted.org/packages/56/33/26ec2e8049eaa2f077bf23a12dc61ca559fbfa7bea0516bf263d657ae275/lgpio-0.2.2.0.tar.gz", hash = "sha256:11372e653b200f76a0b3ef8a23a0735c85ec678a9f8550b9893151ed0f863fff", size = 90087, upload-time = "2024-03-29T21:59:55.901Z" }

[[package]]
name = "numpy"
version = "2.3.4"
source = { registry = "https://pypi.org/simple" }
sdist = { url = "https://files.pythonhosted.org/packages/b5/f4/098d2270d52b41f1bd7db9fc288aaa0400cb48c2a3e2af6fa365d9720947/numpy-2.3.4.tar.gz", hash = "sha256:a7d018bfedb375a8d979ac758b120ba846a7fe764911a64465fd87b8729f4a6a", size = 20582187, upload-time = "2025-10-15T16:18:11.77Z" }
wheels = [
    { url = "https://files.pythonhosted.org/packages/57/7e/b72610cc91edf138bc588df5150957a4937221ca6058b825b4725c27be62/numpy-2.3.4-cp313-cp313-macosx_10_13_x86_64.whl", hash = "sha256:c090d4860032b857d94144d1a9976b8e36709e40386db289aaf6672de2a81966", size = 20950335, upload-time = "2025-10-15T16:16:10.304Z" },
    { url = "https://files.pythonhosted.org/packages/3e/46/bdd3370dcea2f95ef14af79dbf81e6927102ddf1cc54adc0024d61252fd9/numpy-2.3.4-cp313-cp313-macosx_11_0_arm64.whl", hash = "sha256:a13fc473b6db0be619e45f11f9e81260f7302f8d180c49a22b6e6120022596b3", size = 14179878, upload-time = "2025-10-15T16:16:12.595Z" },
    { url = "https://files.pythonhosted.org/packages/ac/01/5a67cb785bda60f45415d09c2bc245433f1c68dd82eef9c9002c508b5a65/numpy-2.3.4-cp313-cp313-macosx_14_0_arm64.whl", hash = "sha256:3634093d0b428e6c32c3a69b78e554f0cd20ee420dcad5a9f3b2a63762ce4197", size = 5108673, upload-time = "2025-10-15T16:16:14.877Z" },
    { url = "https://files.pythonhosted.org/packages/c2/cd/8428e23a9fcebd33988f4cb61208fda832800ca03781f471f3727a820704/numpy-2.3.4-cp313-cp313-macosx_14_0_x86_64.whl", hash = "sha256:043885b4f7e6e232d7df4f51ffdef8c36320ee9d5f227b380ea636722c7ed12e", size = 6641438, upload-time = "2025-10-15T16:16:16.805Z" },
    { url = "https://files.pythonhosted.org/packages/3e/d1/913fe563820f3c6b079f992458f7331278dcd7ba8427e8e745af37ddb44f/numpy-2.3.4-cp313-cp313-manylinux_2_27_aarch64.manylinux_2_28_aarch64.whl", hash = "sha256:4ee6a571d1e4f0ea6d5f22d6e5fbd6ed1dc2b18542848e1e7301bd190500c9d7", size = 14281290, upload-time = "2025-10-15T16:16:18.764Z" },
    { url = "https://files.pythonhosted.org/packages/9e/7e/7d306ff7cb143e6d975cfa7eb98a93e73495c4deabb7d1b5ecf09ea0fd69/numpy-2.3.4-cp313-cp313-manylinux_2_27_x86_64.manylinux_2_28_x86_64.whl", hash = "sha256:fc8a63918b04b8571789688b2780ab2b4a33ab44bfe8ccea36d3eba51228c953", size = 16636543, upload-time = "2025-10-15T16:16:21.072Z" },
    { url = "https://files.pythonhosted.org/packages/47/6a/8cfc486237e56ccfb0db234945552a557ca266f022d281a2f577b98e955c/numpy-2.3.4-cp313-cp313-musllinux_1_2_aarch64.whl", hash = "sha256:40cc556d5abbc54aabe2b1ae287042d7bdb80c08edede19f0c0afb36ae586f37", size = 16056117, upload-time = "2025-10-15T16:16:23.369Z" },
    { url = "https://files.pythonhosted.org/packages/b1/0e/42cb5e69ea901e06ce24bfcc4b5664a56f950a70efdcf221f30d9615f3f3/numpy-2.3.4-cp313-cp313-musllinux_1_2_x86_64.whl", hash = "sha256:ecb63014bb7f4ce653f8be7f1df8cbc6093a5a2811211770f6606cc92b5a78fd", size = 18577788, upload-time = "2025-10-15T16:16:27.496Z" },
    { url = "https://files.pythonhosted.org/packages/86/92/41c3d5157d3177559ef0a35da50f0cda7fa071f4ba2306dd36818591a5bc/numpy-2.3.4-cp313-cp313-win32.whl", hash = "sha256:e8370eb6925bb8c1c4264fec52b0384b44f675f191df91cbe0140ec9f0955646", size = 6282620, upload-time = "2025-10-15T16:16:29.811Z" },
    { url = "https://files.pythonhosted.org/packages/09/97/fd421e8bc50766665ad35536c2bb4ef916533ba1fdd053a62d96cc7c8b95/numpy-2.3.4-cp313-cp313-win_amd64.whl", hash = "sha256:56209416e81a7893036eea03abcb91c130643eb14233b2515c90dcac963fe99d", size = 12784672, upload-time = "2025-10-15T16:16:31.589Z" },
    { url = "https://files.pythonhosted.org/packages/ad/df/5474fb2f74970ca8eb978093969b125a84cc3d30e47f82191f981f13a8a0/numpy-2.3.4-cp313-cp313-win_arm64.whl", hash = "sha256:a700a4031bc0fd6936e78a752eefb79092cecad2599ea9c8039c548bc097f9bc", size = 10196702, upload-time = "2025-10-15T16:16:33.902Z" },
    { url = "https://files.pythonhosted.org/packages/11/83/66ac031464ec1767ea3ed48ce40f615eb441072945e98693bec0bcd056cc/numpy-2.3.4-cp313-cp313t-macosx_10_13_x86_64.whl", hash = "sha256:86966db35c4040fdca64f0816a1c1dd8dbd027d90fca5a57e00e1ca4cd41b879", size = 21049003, upload-time = "2025-10-15T16:16:36.101Z" },
    { url = "https://files.pythonhosted.org/packages/5f/99/5b14e0e686e61371659a1d5bebd04596b1d72227ce36eed121bb0aeab798/numpy-2.3.4-cp313-cp313t-macosx_11_0_arm64.whl", hash = "sha256:838f045478638b26c375ee96ea89464d38428c69170360b23a1a50fa4baa3562", size = 14302980, upload-time = "2025-10-15T16:16:39.124Z" },
    { url = "https://files.pythonhosted.org/packages/2c/44/e9486649cd087d9fc6920e3fc3ac2aba10838d10804b1e179fb7cbc4e634/numpy-2.3.4-cp313-cp313t-macosx_14_0_arm64.whl", hash = "sha256:d7315ed1dab0286adca467377c8381cd748f3dc92235f22a7dfc42745644a96a", size = 5231472, upload-time = "2025-10-15T16:16:41.168Z" },
    { url = "https://files.pythonhosted.org/packages/3e/51/902b24fa8887e5fe2063fd61b1895a476d0bbf46811ab0c7fdf4bd127345/numpy-2.3.4-cp313-cp313t-macosx_14_0_x86_64.whl", hash = "sha256:84f01a4d18b2cc4ade1814a08e5f3c907b079c847051d720fad15ce37aa930b6", size = 6739342, upload-time = "2025-10-15T16:16:43.777Z" },
    { url = "https://files.pythonhosted.org/packages/34/f1/4de9586d05b1962acdcdb1dc4af6646361a643f8c864cef7c852bf509740/numpy-2.3.4-cp313-cp313t-manylinux_2_27_aarch64.manylinux_2_28_aarch64.whl", hash = "sha256:817e719a868f0dacde4abdfc5c1910b301877970195db9ab6a5e2c4bd5b121f7", size = 14354338, upload-time = "2025-10-15T16:16:46.081Z" },
    { url = "https://files.pythonhosted.org/packages/1f/06/1c16103b425de7969d5a76bdf5ada0804b476fed05d5f9e17b777f1cbefd/numpy-2.3.4-cp313-cp313t-manylinux_2_27_x86_64.manylinux_2_28_x86_64.whl", hash = "sha256:85e071da78d92a214212cacea81c6da557cab307f2c34b5f85b628e94803f9c0", size = 16702392, upload-time = "2025-10-15T16:16:48.455Z" },
    { url = "https://files.pythonhosted.org/packages/34/b2/65f4dc1b89b5322093572b6e55161bb42e3e0487067af73627f795cc9d47/numpy-2.3.4-cp313-cp313t-musllinux_1_2_aarch64.whl", hash = "sha256:2ec646892819370cf3558f518797f16597b4e4669894a2ba712caccc9da53f1f", size = 16134998, upload-time = "2025-10-15T16:16:51.114Z" },
    { url = "https://files.pythonhosted.org/packages/d4/11/94ec578896cdb973aaf56425d6c7f2aff4186a5c00fac15ff2ec46998b46/numpy-2.3.4-cp313-cp313t-musllinux_1_2_x86_64.whl", hash = "sha256:035796aaaddfe2f9664b9a9372f089cfc88bd795a67bd1bfe15e6e770934cf64", size = 18651574, upload-time = "2025-10-15T16:16:53.429Z" },
    { url = "https://files.pythonhosted.org/packages/62/b7/7efa763ab33dbccf56dade36938a77345ce8e8192d6b39e470ca25ff3cd0/numpy-2.3.4-cp313-cp313t-win32.whl", hash = "sha256:fea80f4f4cf83b54c3a051f2f727870ee51e22f0248d3114b8e755d160b38cfb", size = 6413135, upload-time = "2025-10-15T16:16:55.992Z" },
    { url = "https://files.pythonhosted.org/packages/43/70/aba4c38e8400abcc2f345e13d972fb36c26409b3e644366db7649015f291/numpy-2.3.4-cp313-cp313t-win_amd64.whl", hash = "sha256:15eea9f306b98e0be91eb344a94c0e630689ef302e10c2ce5f7e11905c704f9c", size = 12928582, upload-time = "2025-10-15T16:16:57.943Z" },
    { url = "https://files.pythonhosted.org/packages/67/63/871fad5f0073fc00fbbdd7232962ea1ac40eeaae2bba66c76214f7954236/numpy-2.3.4-cp313-cp313t-win_arm64.whl", hash = "sha256:b6c231c9c2fadbae4011ca5e7e83e12dc4a5072f1a1d85a0a7b3ed754d145a40", size = 10266691, upload-time = "2025-10-15T16:17:00.048Z" },
    { url = "https://files.pythonhosted.org/packages/72/71/ae6170143c115732470ae3a2d01512870dd16e0953f8a6dc89525696069b/numpy-2.3.4-cp314-cp314-macosx_10_15_x86_64.whl", hash = "sha256:81c3e6d8c97295a7360d367f9f8553973651b76907988bb6066376bc2252f24e", size = 20955580, upload-time = "2025-10-15T16:17:02.509Z" },
    { url = "https://files.pythonhosted.org/packages/af/39/4be9222ffd6ca8a30eda033d5f753276a9c3426c397bb137d8e19dedd200/numpy-2.3.4-cp314-cp314-macosx_11_0_arm64.whl", hash = "sha256:7c26b0b2bf58009ed1f38a641f3db4be8d960a417ca96d14e5b06df1506d41ff", size = 14188056, upload-time = "2025-10-15T16:17:04.873Z" },
    { url = "https://files.pythonhosted.org/packages/6c/3d/d85f6700d0a4aa4f9491030e1021c2b2b7421b2b38d01acd16734a2bfdc7/numpy-2.3.4-cp314-cp314-macosx_14_0_arm64.whl", hash = "sha256:62b2198c438058a20b6704351b35a1d7db881812d8512d67a69c9de1f18ca05f", size = 5116555, upload-time = "2025-10-15T16:17:07.499Z" },
    { url = "https://files.pythonhosted.org/packages/bf/04/82c1467d86f47eee8a19a464c92f90a9bb68ccf14a54c5224d7031241ffb/numpy-2.3.4-cp314-cp314-macosx_14_0_x86_64.whl", hash = "sha256:9d729d60f8d53a7361707f4b68a9663c968882dd4f09e0d58c044c8bf5faee7b", size = 6643581, upload-time = "2025-10-15T16:17:09.774Z" },
    { url = "https://files.pythonhosted.org/packages/0c/d3/c79841741b837e293f48bd7db89d0ac7a4f2503b382b78a790ef1dc778a5/numpy-2.3.4-cp314-cp314-manylinux_2_27_aarch64.manylinux_2_28_aarch64.whl", hash = "sha256:bd0c630cf256b0a7fd9d0a11c9413b42fef5101219ce6ed5a09624f5a65392c7", size = 14299186, upload-time = "2025-10-15T16:17:11.937Z" },
    { url = "https://files.pythonhosted.org/packages/e8/7e/4a14a769741fbf237eec5a12a2cbc7a4c4e061852b6533bcb9e9a796c908/numpy-2.3.4-cp314-cp314-manylinux_2_27_x86_64.manylinux_2_28_x86_64.whl", hash = "sha256:d5e081bc082825f8b139f9e9fe42942cb4054524598aaeb177ff476cc76d09d2", size = 16638601, upload-time = "2025-10-15T16:17:14.391Z" },
    { url = "https://files.pythonhosted.org/packages/93/87/1c1de269f002ff0a41173fe01dcc925f4ecff59264cd8f96cf3b60d12c9b/numpy-2.3.4-cp314-cp314-musllinux_1_2_aarch64.whl", hash = "sha256:15fb27364ed84114438fff8aaf998c9e19adbeba08c0b75409f8c452a8692c52", size = 16074219, upload-time = "2025-10-15T16:17:17.058Z" },
    { url = "https://files.pythonhosted.org/packages/cd/28/18f72ee77408e40a76d691001ae599e712ca2a47ddd2c4f695b16c65f077/numpy-2.3.4-cp314-cp314-musllinux_1_2_x86_64.whl", hash = "sha256:85d9fb2d8cd998c84d13a79a09cc0c1091648e848e4e6249b0ccd7f6b487fa26", size = 18576702, upload-time = "2025-10-15T16:17:19.379Z" },
    { url = "https://files.pythonhosted.org/packages/c3/76/95650169b465ececa8cf4b2e8f6df255d4bf662775e797ade2025cc51ae6/numpy-2.3.4-cp314-cp314-win32.whl", hash = "sha256:e73d63fd04e3a9d6bc187f5455d81abfad05660b212c8804bf3b407e984cd2bc", size = 6337136, upload-time = "2025-10-15T16:17:22.886Z" },
    { url = "https://files.pythonhosted.org/packages/dc/89/a231a5c43ede5d6f77ba4a91e915a87dea4aeea76560ba4d2bf185c683f0/numpy-2.3.4-cp314-cp314-win_amd64.whl", hash = "sha256:3da3491cee49cf16157e70f607c03a217ea6647b1cea4819c4f48e53d49139b9", size = 12920542, upload-time = "2025-10-15T16:17:24.783Z" },
    { url = "https://files.pythonhosted.org/packages/0d/0c/ae9434a888f717c5ed2ff2393b3f344f0ff6f1c793519fa0c540461dc530/numpy-2.3.4-cp314-cp314-win_arm64.whl", hash = "sha256:6d9cd732068e8288dbe2717177320723ccec4fb064123f0caf9bbd90ab5be868", size = 10480213, upload-time = "2025-10-15T16:17:26.935Z" },
    { url = "https://files.pythonhosted.org/packages/83/4b/c4a5f0841f92536f6b9592694a5b5f68c9ab37b775ff342649eadf9055d3/numpy-2.3.4-cp314-cp314t-macosx_10_15_x86_64.whl", hash = "sha256:22758999b256b595cf0b1d102b133bb61866ba5ceecf15f759623b64c020c9ec", size = 21052280, upload-time = "2025-10-15T16:17:29.638Z" },
    { url = "https://files.pythonhosted.org/packages/3e/80/90308845fc93b984d2cc96d83e2324ce8ad1fd6efea81b324cba4b673854/numpy-2.3.4-cp314-cp314t-macosx_11_0_arm64.whl", hash = "sha256:9cb177bc55b010b19798dc5497d540dea67fd13a8d9e882b2dae71de0cf09eb3", size = 14302930, upload-time = "2025-10-15T16:17:32.384Z" },
    { url = "https://files.pythonhosted.org/packages/3d/4e/07439f22f2a3b247cec4d63a713faae55e1141a36e77fb212881f7cda3fb/numpy-2.3.4-cp314-cp314t-macosx_14_0_arm64.whl", hash = "sha256:0f2bcc76f1e05e5ab58893407c63d90b2029908fa41f9f1cc51eecce936c3365", size = 5231504, upload-time = "2025-10-15T16:17:34.515Z" },
    { url = "https://files.pythonhosted.org/packages/ab/de/1e11f2547e2fe3d00482b19721855348b94ada8359aef5d40dd57bfae9df/numpy-2.3.4-cp314-cp314t-macosx_14_0_x86_64.whl", hash = "sha256:8dc20bde86802df2ed8397a08d793da0ad7a5fd4ea3ac85d757bf5dd4ad7c252", size = 6739405, upload-time = "2025-10-15T16:17:36.128Z" },
    { url = "https://files.pythonhosted.org/packages/3b/40/8cd57393a26cebe2e923005db5134a946c62fa56a1087dc7c478f3e30837/numpy-2.3.4-cp314-cp314t-manylinux_2_27_aarch64.manylinux_2_28_aarch64.whl", hash = "sha256:5e199c087e2aa71c8f9ce1cb7a8e10677dc12457e7cc1be4798632da37c3e86e", size = 14354866, upload-time = "2025-10-15T16:17:38.884Z" },
    { url = "https://files.pythonhosted.org/packages/93/39/5b3510f023f96874ee6fea2e40dfa99313a00bf3ab779f3c92978f34aace/numpy-2.3.4-cp314-cp314t-manylinux_2_27_x86_64.manylinux_2_28_x86_64.whl", hash = "sha256:85597b2d25ddf655495e2363fe044b0ae999b75bc4d630dc0d886484b03a5eb0", size = 16703296, upload-time = "2025-10-15T16:17:41.564Z" },
    { url = "https://files.pythonhosted.org/packages/41/0d/19bb163617c8045209c1996c4e427bccbc4bbff1e2c711f39203c8ddbb4a/numpy-2.3.4-cp314-cp314t-musllinux_1_2_aarch64.whl", hash = "sha256:04a69abe45b49c5955923cf2c407843d1c85013b424ae8a560bba16c92fe44a0", size = 16136046, upload-time = "2025-10-15T16:17:43.901Z" },
    { url = "https://files.pythonhosted.org/packages/e2/c1/6dba12fdf68b02a21ac411c9df19afa66bed2540f467150ca64d246b463d/numpy-2.3.4-cp314-cp314t-musllinux_1_2_x86_64.whl", hash = "sha256:e1708fac43ef8b419c975926ce1eaf793b0c13b7356cfab6ab0dc34c0a02ac0f", size = 18652691, upload-time = "2025-10-15T16:17:46.247Z" },
    { url = "https://files.pythonhosted.org/packages/f8/73/f85056701dbbbb910c51d846c58d29fd46b30eecd2b6ba760fc8b8a1641b/numpy-2.3.4-cp314-cp314t-win32.whl", hash = "sha256:863e3b5f4d9915aaf1b8ec79ae560ad21f0b8d5e3adc31e73126491bb86dee1d", size = 6485782, upload-time = "2025-10-15T16:17:48.872Z" },
    { url = "https://files.pythonhosted.org/packages/17/90/28fa6f9865181cb817c2471ee65678afa8a7e2a1fb16141473d5fa6bacc3/numpy-2.3.4-cp314-cp314t-win_amd64.whl", hash = "sha256:962064de37b9aef801d33bc579690f8bfe6c5e70e29b61783f60bcba838a14d6", size = 13113301, upload-time = "2025-10-15T16:17:50.938Z" },
    { url = "https://files.pythonhosted.org/packages/54/23/08c002201a8e7e1f9afba93b97deceb813252d9cfd0d3351caed123dcf97/numpy-2.3.4-cp314-cp314t-win_arm64.whl", hash = "sha256:8b5a9a39c45d852b62693d9b3f3e0fe052541f804296ff401a72a1b60edafb29", size = 10547532, upload-time = "2025-10-15T16:17:53.48Z" },
]

[[package]]
name = "pygments"
version = "2.19.2"
source = { registry = "https://pypi.org/simple" }
sdist = { url = "https://files.pythonhosted.org/packages/b0/77/a5b8c569bf593b0140bde72ea885a803b82086995367bf2037de0159d924/pygments-2.19.2.tar.gz", hash = "sha256:636cb2477cec7f8952536970bc533bc43743542f70392ae026374600add5b887", size = 4968631, upload-time = "2025-06-21T13:39:12.283Z" }
wheels = [
    { url = "https://files.pythonhosted.org/packages/c7/21/705964c7812476f378728bdf590ca4b771ec72385c533964653c68e86bdc/pygments-2.19.2-py3-none-any.whl", hash = "sha256:86540386c03d588bb81d44bc3928634ff26449851e99741617ecb9037ee5ec0b", size = 1225217, upload-time = "2025-06-21T13:39:07.939Z" },
]

[[package]]
name = "pynput"
version = "1.8.1"
source = { registry = "https://pypi.org/simple" }
dependencies = [
    { name = "evdev", marker = "'linux' in sys_platform" },
    { name = "pyobjc-framework-applicationservices", marker = "sys_platform == 'darwin'" },
    { name = "pyobjc-framework-quartz", marker = "sys_platform == 'darwin'" },
    { name = "python-xlib", marker = "'linux' in sys_platform" },
    { name = "six" },
]
sdist = { url = "https://files.pythonhosted.org/packages/f0/c3/dccf44c68225046df5324db0cc7d563a560635355b3e5f1d249468268a6f/pynput-1.8.1.tar.gz", hash = "sha256:70d7c8373ee98911004a7c938742242840a5628c004573d84ba849d4601df81e", size = 82289, upload-time = "2025-03-17T17:12:01.481Z" }
wheels = [
    { url = "https://files.pythonhosted.org/packages/59/4f/ac3fa906ae8a375a536b12794128c5efacade9eaa917a35dfd27ce0c7400/pynput-1.8.1-py2.py3-none-any.whl", hash = "sha256:42dfcf27404459ca16ca889c8fb8ffe42a9fe54f722fd1a3e130728e59e768d2", size = 91693, upload-time = "2025-03-17T17:12:00.094Z" },
]

[[package]]
name = "pyobjc-core"
version = "12.1"
source = { registry = "https://pypi.org/simple" }
sdist = { url = "https://files.pythonhosted.org/packages/b8/b6/d5612eb40be4fd5ef88c259339e6313f46ba67577a95d86c3470b951fce0/pyobjc_core-12.1.tar.gz", hash = "sha256:2bb3903f5387f72422145e1466b3ac3f7f0ef2e9960afa9bcd8961c5cbf8bd21", size = 1000532, upload-time = "2025-11-14T10:08:28.292Z" }
wheels = [
    { url = "https://files.pythonhosted.org/packages/f4/d2/29e5e536adc07bc3d33dd09f3f7cf844bf7b4981820dc2a91dd810f3c782/pyobjc_core-12.1-cp313-cp313-macosx_10_13_universal2.whl", hash = "sha256:01c0cf500596f03e21c23aef9b5f326b9fb1f8f118cf0d8b66749b6cf4cbb37a", size = 677370, upload-time = "2025-11-14T09:33:05.273Z" },
    { url = "https://files.pythonhosted.org/packages/1b/f0/4b4ed8924cd04e425f2a07269943018d43949afad1c348c3ed4d9d032787/pyobjc_core-12.1-cp313-cp313t-macosx_10_13_universal2.whl", hash = "sha256:177aaca84bb369a483e4961186704f64b2697708046745f8167e818d968c88fc", size = 719586, upload-time = "2025-11-14T09:33:53.302Z" },
    { url = "https://files.pythonhosted.org/packages/25/98/9f4ed07162de69603144ff480be35cd021808faa7f730d082b92f7ebf2b5/pyobjc_core-12.1-cp314-cp314-macosx_10_15_universal2.whl", hash = "sha256:844515f5d86395b979d02152576e7dee9cc679acc0b32dc626ef5bda315eaa43", size = 670164, upload-time = "2025-11-14T09:34:37.458Z" },
    { url = "https://files.pythonhosted.org/packages/62/50/dc076965c96c7f0de25c0a32b7f8aa98133ed244deaeeacfc758783f1f30/pyobjc_core-12.1-cp314-cp314t-macosx_10_15_universal2.whl", hash = "sha256:453b191df1a4b80e756445b935491b974714456ae2cbae816840bd96f86db882", size = 712204, upload-time = "2025-11-14T09:35:24.148Z" },
]

[[package]]
name = "pyobjc-framework-applicationservices"
version = "12.1"
source = { registry = "https://pypi.org/simple" }
dependencies = [
    { name = "pyobjc-core" },
    { name = "pyobjc-framework-cocoa" },
    { name = "pyobjc-framework-coretext" },
    { name = "pyobjc-framework-quartz" },
]
sdist = { url = "https://files.pythonhosted.org/packages/be/6a/d4e613c8e926a5744fc47a9e9fea08384a510dc4f27d844f7ad7a2d793bd/pyobjc_framework_applicationservices-12.1.tar.gz", hash = "sha256:c06abb74f119bc27aeb41bf1aef8102c0ae1288aec1ac8665ea186a067a8945b", size = 103247, upload-time = "2025-11-14T10:08:52.18Z" }
wheels = [
    { url = "https://files.pythonhosted.org/packages/fc/21/79e42ee836f1010f5fe9e97d2817a006736bd287c15a3674c399190a2e77/pyobjc_framework_applicationservices-12.1-cp313-cp313-macosx_10_13_universal2.whl", hash = "sha256:bd1f4dbb38234a24ae6819f5e22485cf7dd3dd4074ff3bf9a9fdb4c01a3b4a38", size = 32859, upload-time = "2025-11-14T09:36:15.208Z" },
    { url = "https://files.pythonhosted.org/packages/66/3a/0f1d4dcf2345e875e5ea9761d5a70969e241d24089133d21f008dde596f5/pyobjc_framework_applicationservices-12.1-cp313-cp313t-macosx_10_13_universal2.whl", hash = "sha256:8a5d2845249b6a85ba9e320a9848468c3f8cd6f59605a9a43f406a7810eaa830", size = 33115, upload-time = "2025-11-14T09:36:18.384Z" },
    { url = "https://files.pythonhosted.org/packages/40/44/3196b40fec68b4413c92875311f17ccf4c3ff7d2e53676f8fc18ad29bd18/pyobjc_framework_applicationservices-12.1-cp314-cp314-macosx_10_15_universal2.whl", hash = "sha256:f43c9a24ad97a9121276d4d571aa04a924282c80d7291cfb3b29839c3e2013a8", size = 32997, upload-time = "2025-11-14T09:36:21.58Z" },
    { url = "https://files.pythonhosted.org/packages/fd/bb/dab21d2210d3ef7dd0616df7e8ea89b5d8d62444133a25f76e649a947168/pyobjc_framework_applicationservices-12.1-cp314-cp314t-macosx_10_15_universal2.whl", hash = "sha256:1f72e20009a4ebfd5ed5b23dc11c1528ad6b55cc63ee71952ddb2a5e5f1cb7da", size = 33238, upload-time = "2025-11-14T09:36:24.751Z" },
]

[[package]]
name = "pyobjc-framework-cocoa"
version = "12.1"
source = { registry = "https://pypi.org/simple" }
dependencies = [
    { name = "pyobjc-core" },
]
sdist = { url = "https://files.pythonhosted.org/packages/02/a3/16ca9a15e77c061a9250afbae2eae26f2e1579eb8ca9462ae2d2c71e1169/pyobjc_framework_cocoa-12.1.tar.gz", hash = "sha256:5556c87db95711b985d5efdaaf01c917ddd41d148b1e52a0c66b1a2e2c5c1640", size = 2772191, upload-time = "2025-11-14T10:13:02.069Z" }
wheels = [
    { url = "https://files.pythonhosted.org/packages/ad/31/0c2e734165abb46215797bd830c4bdcb780b699854b15f2b6240515edcc6/pyobjc_framework_cocoa-12.1-cp313-cp313-macosx_10_13_universal2.whl", hash = "sha256:5a3dcd491cacc2f5a197142b3c556d8aafa3963011110102a093349017705118", size = 384689, upload-time = "2025-11-14T09:41:41.478Z" },
    { url = "https://files.pythonhosted.org/packages/23/3b/b9f61be7b9f9b4e0a6db18b3c35c4c4d589f2d04e963e2174d38c6555a92/pyobjc_framework_cocoa-12.1-cp313-cp313t-macosx_10_13_universal2.whl", hash = "sha256:914b74328c22d8ca261d78c23ef2befc29776e0b85555973927b338c5734ca44", size = 388843, upload-time = "2025-11-14T09:42:05.719Z" },
    { url = "https://files.pythonhosted.org/packages/59/bb/f777cc9e775fc7dae77b569254570fe46eb842516b3e4fe383ab49eab598/pyobjc_framework_cocoa-12.1-cp314-cp314-macosx_10_15_universal2.whl", hash = "sha256:03342a60fc0015bcdf9b93ac0b4f457d3938e9ef761b28df9564c91a14f0129a", size = 384932, upload-time = "2025-11-14T09:42:29.771Z" },
    { url = "https://files.pythonhosted.org/packages/58/27/b457b7b37089cad692c8aada90119162dfb4c4a16f513b79a8b2b022b33b/pyobjc_framework_cocoa-12.1-cp314-cp314t-macosx_10_15_universal2.whl", hash = "sha256:6ba1dc1bfa4da42d04e93d2363491275fb2e2be5c20790e561c8a9e09b8cf2cc", size = 388970, upload-time = "2025-11-14T09:42:53.964Z" },
]

[[package]]
name = "pyobjc-framework-coretext"
version = "12.1"
source = { registry = "https://pypi.org/simple" }
dependencies = [
    { name = "pyobjc-core" },
    { name = "pyobjc-framework-cocoa" },
    { name = "pyobjc-framework-quartz" },
]
sdist = { url = "https://files.pythonhosted.org/packages/29/da/682c9c92a39f713bd3c56e7375fa8f1b10ad558ecb075258ab6f1cdd4a6d/pyobjc_framework_coretext-12.1.tar.gz", hash = "sha256:e0adb717738fae395dc645c9e8a10bb5f6a4277e73cba8fa2a57f3b518e71da5", size = 90124, upload-time = "2025-11-14T10:14:38.596Z" }
wheels = [
    { url = "https://files.pythonhosted.org/packages/20/a2/a3974e3e807c68e23a9d7db66fc38ac54f7ecd2b7a9237042006699a76e1/pyobjc_framework_coretext-12.1-cp313-cp313-macosx_10_13_universal2.whl", hash = "sha256:7cbb2c28580e6704ce10b9a991ccd9563a22b3a75f67c36cf612544bd8b21b5f", size = 30110, upload-time = "2025-11-14T09:47:07.518Z" },
    { url = "https://files.pythonhosted.org/packages/0f/5d/85e059349e9cfbd57269a1f11f56747b3ff5799a3bcbd95485f363c623d8/pyobjc_framework_coretext-12.1-cp313-cp313t-macosx_10_13_universal2.whl", hash = "sha256:14100d1e39efb30f57869671fb6fce8d668f80c82e25e7930fb364866e5c0dab", size = 30697, upload-time = "2025-11-14T09:47:10.932Z" },
    { url = "https://files.pythonhosted.org/packages/ef/c3/adf9d306e9ead108167ab7a974ab7d171dbacf31c72fad63e12585f58023/pyobjc_framework_coretext-12.1-cp314-cp314-macosx_10_15_universal2.whl", hash = "sha256:782a1a9617ea267c05226e9cd81a8dec529969a607fe1e037541ee1feb9524e9", size = 30095, upload-time = "2025-11-14T09:47:13.893Z" },
    { url = "https://files.pythonhosted.org/packages/bd/ca/6321295f47a47b0fca7de7e751ddc0ddc360413f4e506335fe9b0f0fb085/pyobjc_framework_coretext-12.1-cp314-cp314t-macosx_10_15_universal2.whl", hash = "sha256:7afe379c5a870fa3e66e6f65231c3c1732d9ccd2cd2a4904b2cd5178c9e3c562", size = 30702, upload-time = "2025-11-14T09:47:17.292Z" },
]

[[package]]
name = "pyobjc-framework-quartz"
version = "12.1"
source = { registry = "https://pypi.org/simple" }
dependencies = [
    { name = "pyobjc-core" },
    { name = "pyobjc-framework-cocoa" },
]
sdist = { url = "https://files.pythonhosted.org/packages/94/18/cc59f3d4355c9456fc945eae7fe8797003c4da99212dd531ad1b0de8a0c6/pyobjc_framework_quartz-12.1.tar.gz", hash = "sha256:27f782f3513ac88ec9b6c82d9767eef95a5cf4175ce88a1e5a65875fee799608", size = 3159099, upload-time = "2025-11-14T10:21:24.31Z" }
wheels = [
    { url = "https://files.pythonhosted.org/packages/ba/2d/e8f495328101898c16c32ac10e7b14b08ff2c443a756a76fd1271915f097/pyobjc_framework_quartz-12.1-cp313-cp313-macosx_10_13_universal2.whl", hash = "sha256:629b7971b1b43a11617f1460cd218bd308dfea247cd4ee3842eb40ca6f588860", size = 219206, upload-time = "2025-11-14T10:00:15.623Z" },
    { url = "https://files.pythonhosted.org/packages/67/43/b1f0ad3b842ab150a7e6b7d97f6257eab6af241b4c7d14cb8e7fde9214b8/pyobjc_framework_quartz-12.1-cp313-cp313t-macosx_10_13_universal2.whl", hash = "sha256:53b84e880c358ba1ddcd7e8d5ea0407d760eca58b96f0d344829162cda5f37b3", size = 224317, upload-time = "2025-11-14T10:00:30.703Z" },
    { url = "https://files.pythonhosted.org/packages/4a/00/96249c5c7e5aaca5f688ca18b8d8ad05cd7886ebd639b3c71a6a4cadbe75/pyobjc_framework_quartz-12.1-cp314-cp314-macosx_10_15_universal2.whl", hash = "sha256:42d306b07f05ae7d155984503e0fb1b701fecd31dcc5c79fe8ab9790ff7e0de0", size = 219558, upload-time = "2025-11-14T10:00:45.476Z" },
    { url = "https://files.pythonhosted.org/packages/4d/a6/708a55f3ff7a18c403b30a29a11dccfed0410485a7548c60a4b6d4cc0676/pyobjc_framework_quartz-12.1-cp314-cp314t-macosx_10_15_universal2.whl", hash = "sha256:0cc08fddb339b2760df60dea1057453557588908e42bdc62184b6396ce2d6e9a", size = 224580, upload-time = "2025-11-14T10:01:00.091Z" },
]

[[package]]
name = "python-xlib"
version = "0.33"
source = { registry = "https://pypi.org/simple" }
dependencies = [
    { name = "six" },
]
sdist = { url = "https://files.pythonhosted.org/packages/86/f5/8c0653e5bb54e0cbdfe27bf32d41f27bc4e12faa8742778c17f2a71be2c0/python-xlib-0.33.tar.gz", hash = "sha256:55af7906a2c75ce6cb280a584776080602444f75815a7aff4d287bb2d7018b32", size = 269068, upload-time = "2022-12-25T18:53:00.824Z" }
wheels = [
    { url = "https://files.pythonhosted.org/packages/fc/b8/ff33610932e0ee81ae7f1269c890f697d56ff74b9f5b2ee5d9b7fa2c5355/python_xlib-0.33-py2.py3-none-any.whl", hash = "sha256:c3534038d42e0df2f1392a1b30a15a4ff5fdc2b86cfa94f072bf11b10a164398", size = 182185, upload-time = "2022-12-25T18:52:58.662Z" },
]

[[package]]
name = "raspberrypichesscomputersystem"
version = "0.1.0"
source = { virtual = "." }
dependencies = [
    { name = "asttokens" },
    { name = "chess" },
    { name = "colorama" },
    { name = "evdev" },
    { name = "executing" },
    { name = "icecream" },
    { name = "numpy" },
    { name = "pygments" },
    { name = "pynput" },
    { name = "python-xlib" },
    { name = "rpi-lgpio" },
    { name = "six" },
    { name = "spidev" },
    { name = "sshkeyboard" },
]

[package.metadata]
requires-dist = [
    { name = "asttokens", specifier = "==3.0.0" },
    { name = "chess", specifier = "==1.11.2" },
    { name = "colorama", specifier = "==0.4.6" },
    { name = "evdev", specifier = "==1.9.2" },
    { name = "executing", specifier = "==2.2.1" },
    { name = "icecream", specifier = "==2.1.8" },
    { name = "numpy", specifier = "==2.3.4" },
    { name = "pygments", specifier = "==2.19.2" },
    { name = "pynput", specifier = "==1.8.1" },
    { name = "python-xlib", specifier = "==0.33" },
    { name = "rpi-lgpio", specifier = ">=0.6" },
    { name = "six", specifier = "==1.17.0" },
    { name = "spidev", specifier = "==3.8" },
    { name = "sshkeyboard", specifier = "==2.3.1" },
]

[[package]]
name = "rpi-lgpio"
version = "0.6"
source = { registry = "https://pypi.org/simple" }
dependencies = [
    { name = "lgpio" },
]
sdist = { url = "https://files.pythonhosted.org/packages/6e/6d/7b6cb0def16abda6af89d16a3363d4036501bf042f9c67668aad3b34927f/rpi_lgpio-0.6.tar.gz", hash = "sha256:84579b11d543bb8abdddc1e10fcd6bdc2819e5897be72d6949a2b044d71fb73e", size = 12723, upload-time = "2024-05-11T16:09:29.463Z" }
wheels = [
    { url = "https://files.pythonhosted.org/packages/da/a9/06b843528e47ded0dd276537e9c56e7aec7c841b3b2749274e7d8121dab5/rpi_lgpio-0.6-py3-none-any.whl", hash = "sha256:0930b6e0ffbfbeee9366fbfa5038d29a7606be96a5229d570b1f81be8f776777", size = 11880, upload-time = "2024-05-11T16:09:27.75Z" },
]

[[package]]
name = "six"
version = "1.17.0"
source = { registry = "https://pypi.org/simple" }
sdist = { url = "https://files.pythonhosted.org/packages/94/e7/b2c673351809dca68a0e064b6af791aa332cf192da575fd474ed7d6f16a2/six-1.17.0.tar.gz", hash = "sha256:ff70335d468e7eb6ec65b95b99d3a2836546063f63acc5171de367e834932a81", size = 34031, upload-time = "2024-12-04T17:35:28.174Z" }
wheels = [
    { url = "https://files.pythonhosted.org/packages/b7/ce/149a00dd41f10bc29e5921b496af8b574d8413afcd5e30dfa0ed46c2cc5e/six-1.17.0-py2.py3-none-any.whl", hash = "sha256:4721f391ed90541fddacab5acf947aa0d3dc7d27b2e1e8eda2be8970586c3274", size = 11050, upload-time = "2024-12-04T17:35:26.475Z" },
]

[[package]]
name = "spidev"
version = "3.8"
source = { registry = "https://pypi.org/simple" }
sdist = { url = "https://files.pythonhosted.org/packages/67/87/039b6eeea781598015b538691bc174cc0bf77df9d4d2d3b8bf9245c0de8c/spidev-3.8.tar.gz", hash = "sha256:2bc02fb8c6312d519ebf1f4331067427c0921d3f77b8bcaf05189a2e8b8382c0", size = 13893, upload-time = "2025-09-15T18:56:20.672Z" }

[[package]]
name = "sshkeyboard"
version = "2.3.1"
source = { registry = "https://pypi.org/simple" }
sdist = { url = "https://files.pythonhosted.org/packages/e3/7b/d78e6ade4bb4680d0a610ed02047c4de04db62de8864193bf842c59c47cb/sshkeyboard-2.3.1.tar.gz", hash = "sha256:3273be5b2fde7f8d2ea075d40e1981104ac0928d7b77a848756f08d0e66a3d9f", size = 20296, upload-time = "2021-10-28T11:37:08.07Z" }
wheels = [
    { url = "https://files.pythonhosted.org/packages/ea/b6/d24c6184348a91386e5ca5fe3e46668ef978dd694ff98574ef0dd5904522/sshkeyboard-2.3.1-py3-none-any.whl", hash = "sha256:05ec2cb116bd9c4a7c17d7add4a5af74e12eb2add24c110608cb90f6812692f9", size = 12870, upload-time = "2021-10-28T11:37:05.566Z" },
]
